// !$*UTF8*$!
{
	archiveVersion = 1;
	classes = {
	};
	objectVersion = 56;
	objects = {

/* Begin PBXBuildFile section */
		36VGL5BZV1T7OCN4UNWV7MDV /* HealthKitManager.swift in Sources */ = {isa = PBXBuildFile; fileRef = TMIHXBZUC47MM7UIU8GOPQBB /* HealthKitManager.swift */; };
		APPICON0001BUILDFILE00001 /* Assets.xcassets in Resources */ = {isa = PBXBuildFile; fileRef = APPICON0001FILEREF00001 /* Assets.xcassets */; };
		J5TXBE3367ZPSMM9XM31GJK4 /* ContentView.swift in Sources */ = {isa = PBXBuildFile; fileRef = GUCON8Y6UD5OE3R1TRMKWHUL /* ContentView.swift */; };
		K1LMWNUWDV1QFDC2XT9HRNAF /* HealthExportApp.swift in Sources */ = {isa = PBXBuildFile; fileRef = BZ89J5KQ75FMR24GVOW94E7Z /* HealthExportApp.swift */; };
		MALGOCTIA1BGC1YKGVVDNYU3 /* HTTPServer.swift in Sources */ = {isa = PBXBuildFile; fileRef = U1PZ15W8YTBHHZSZJVCO97CA /* HTTPServer.swift */; };
/* End PBXBuildFile section */

/* Begin PBXFileReference section */
		0ZOBS1D5K6R6FYO2HYQYM1HH /* Info.plist */ = {isa = PBXFileReference; lastKnownFileType = text.plist.xml; path = Info.plist; sourceTree = "<group>"; };
		5IYF7TQI10BWZHBIKVB9RN6X /* HealthExport.app */ = {isa = PBXFileReference; explicitFileType = wrapper.application; includeInIndex = 0; path = HealthExport.app; sourceTree = BUILT_PRODUCTS_DIR; };
		5UB3YE09T8QK1XIJFCVPUVIL /* HealthExport.entitlements */ = {isa = PBXFileReference; lastKnownFileType = text.plist.entitlements; path = HealthExport.entitlements; sourceTree = "<group>"; };
		APPICON0001FILEREF00001 /* Assets.xcassets */ = {isa = PBXFileReference; lastKnownFileType = folder.assetcatalog; path = Assets.xcassets; sourceTree = "<group>"; };
		BZ89J5KQ75FMR24GVOW94E7Z /* HealthExportApp.swift */ = {isa = PBXFileReference; lastKnownFileType = sourcecode.swift; path = HealthExportApp.swift; sourceTree = "<group>"; };
		GUCON8Y6UD5OE3R1TRMKWHUL /* ContentView.swift */ = {isa = PBXFileReference; lastKnownFileType = sourcecode.swift; path = ContentView.swift; sourceTree = "<group>"; };
		TMIHXBZUC47MM7UIU8GOPQBB /* HealthKitManager.swift */ = {isa = PBXFileReference; lastKnownFileType = sourcecode.swift; path = HealthKitManager.swift; sourceTree = "<group>"; };
		U1PZ15W8YTBHHZSZJVCO97CA /* HTTPServer.swift */ = {isa = PBXFileReference; lastKnownFileType = sourcecode.swift; path = HTTPServer.swift; sourceTree = "<group>"; };
/* End PBXFileReference section */

/* Begin PBXFrameworksBuildPhase section */
		OA921V8KO2K76LLQ8MYU4HBP /* Frameworks */ = {
			isa = PBXFrameworksBuildPhase;
			buildActionMask = 2147483647;
			files = (
			);
			runOnlyForDeploymentPostprocessing = 0;
		};
/* End PBXFrameworksBuildPhase section */

/* Begin PBXGroup section */
		1LH8U0B8WUOWZI790QO27J4S /* Products */ = {
			isa = PBXGroup;
			children = (
				5IYF7TQI10BWZHBIKVB9RN6X /* HealthExport.app */,
			);
			name = Products;
			sourceTree = "<group>";
		};
		ELB3H8NRBSGU55VUSDE2Y4AJ /* HealthExport */ = {
			isa = PBXGroup;
			children = (
				BZ89J5KQ75FMR24GVOW94E7Z /* HealthExportApp.swift */,
				GUCON8Y6UD5OE3R1TRMKWHUL /* ContentView.swift */,
				TMIHXBZUC47MM7UIU8GOPQBB /* HealthKitManager.swift */,
				U1PZ15W8YTBHHZSZJVCO97CA /* HTTPServer.swift */,
				0ZOBS1D5K6R6FYO2HYQYM1HH /* Info.plist */,
				5UB3YE09T8QK1XIJFCVPUVIL /* HealthExport.entitlements */,
				APPICON0001FILEREF00001 /* Assets.xcassets */,
			);
			path = HealthExport;
			sourceTree = "<group>";
		};
		YW8H9M8FXL2P3PSN5GZXQKI0 = {
			isa = PBXGroup;
			children = (
				ELB3H8NRBSGU55VUSDE2Y4AJ /* HealthExport */,
				1LH8U0B8WUOWZI790QO27J4S /* Products */,
			);
			sourceTree = "<group>";
		};
/* End PBXGroup section */

/* Begin PBXNativeTarget section */
		MF20K0DT1Z9TWS63U3EYGKAV /* HealthExport */ = {
			isa = PBXNativeTarget;
			buildConfigurationList = 914JI01YCVFQD58C7B9RCOB6 /* Build configuration list for PBXNativeTarget "HealthExport" */;
			buildPhases = (
				V9XCEHVQ6METAMXWGBW7ZFPZ /* Sources */,
				OA921V8KO2K76LLQ8MYU4HBP /* Frameworks */,
				ZDK3KYZ5638I9M13XPNDIR8O /* Resources */,
			);
			buildRules = (
			);
			dependencies = (
			);
			name = HealthExport;
			productName = HealthExport;
			productReference = 5IYF7TQI10BWZHBIKVB9RN6X /* HealthExport.app */;
			productType = "com.apple.product-type.application";
		};
/* End PBXNativeTarget section */

/* Begin PBXProject section */
		4WDTHI5DH76C2KSV2L2ZO3QG /* Project object */ = {
			isa = PBXProject;
			attributes = {
				BuildIndependentTargetsInParallel = 1;
				LastSwiftUpdateCheck = 1600;
				LastUpgradeCheck = 2630;
				TargetAttributes = {
					MF20K0DT1Z9TWS63U3EYGKAV = {
						CreatedOnToolsVersion = 16.0;
					};
				};
			};
			buildConfigurationList = MYEJ8QQHNADPLBEM27V7CSK0 /* Build configuration list for PBXProject "HealthExport" */;
			compatibilityVersion = "Xcode 14.0";
			developmentRegion = en;
			hasScannedForEncodings = 0;
			knownRegions = (
				en,
				Base,
			);
			mainGroup = YW8H9M8FXL2P3PSN5GZXQKI0;
			productRefGroup = 1LH8U0B8WUOWZI790QO27J4S /* Products */;
			projectDirPath = "";
			projectRoot = "";
			targets = (
				MF20K0DT1Z9TWS63U3EYGKAV /* HealthExport */,
			);
		};
/* End PBXProject section */

/* Begin PBXResourcesBuildPhase section */
		ZDK3KYZ5638I9M13XPNDIR8O /* Resources */ = {
			isa = PBXResourcesBuildPhase;
			buildActionMask = 2147483647;
			files = (
				APPICON0001BUILDFILE00001 /* Assets.xcassets in Resources */,
			);
			runOnlyForDeploymentPostprocessing = 0;
		};
/* End PBXResourcesBuildPhase section */

/* Begin PBXSourcesBuildPhase section */
		V9XCEHVQ6METAMXWGBW7ZFPZ /* Sources */ = {
			isa = PBXSourcesBuildPhase;
			buildActionMask = 2147483647;
			files = (
				K1LMWNUWDV1QFDC2XT9HRNAF /* HealthExportApp.swift in Sources */,
				J5TXBE3367ZPSMM9XM31GJK4 /* ContentView.swift in Sources */,
				36VGL5BZV1T7OCN4UNWV7MDV /* HealthKitManager.swift in Sources */,
				MALGOCTIA1BGC1YKGVVDNYU3 /* HTTPServer.swift in Sources */,
			);
			runOnlyForDeploymentPostprocessing = 0;
		};
/* End PBXSourcesBuildPhase section */

/* Begin XCBuildConfiguration section */
		36J2YI64PXIM7VTT5OIDVAA7 /* Release */ = {
			isa = XCBuildConfiguration;
			buildSettings = {
				ASSETCATALOG_COMPILER_APPICON_NAME = AppIcon;
				ASSETCATALOG_COMPILER_GLOBAL_ACCENT_COLOR_NAME = AccentColor;
				CODE_SIGN_ENTITLEMENTS = HealthExport/HealthExport.entitlements;
				CODE_SIGN_STYLE = Automatic;
				CURRENT_PROJECT_VERSION = 1;
				DEVELOPMENT_TEAM = W8KHU24QQR;
				ENABLE_PREVIEWS = YES;
				GENERATE_INFOPLIST_FILE = YES;
				INFOPLIST_FILE = HealthExport/Info.plist;
				INFOPLIST_KEY_CFBundleDisplayName = "Health Export";
				INFOPLIST_KEY_NSHealthShareUsageDescription = "This app reads your workout and health data to export it as JSON over a local HTTP server.";
				INFOPLIST_KEY_NSLocalNetworkUsageDescription = "This app runs a local HTTP server so you can download your health data from another device on the same network.";
				INFOPLIST_KEY_UIApplicationSceneManifest_Generation = YES;
				INFOPLIST_KEY_UIApplicationSupportsIndirectInputEvents = YES;
				INFOPLIST_KEY_UILaunchScreen_Generation = YES;
				INFOPLIST_KEY_UISupportedInterfaceOrientations_iPad = "UIInterfaceOrientationPortrait UIInterfaceOrientationPortraitUpsideDown UIInterfaceOrientationLandscapeLeft UIInterfaceOrientationLandscapeRight";
				INFOPLIST_KEY_UISupportedInterfaceOrientations_iPhone = "UIInterfaceOrientationPortrait UIInterfaceOrientationLandscapeLeft UIInterfaceOrientationLandscapeRight";
				LD_RUNPATH_SEARCH_PATHS = (
					"$(inherited)",
					"@executable_path/Frameworks",
				);
				MARKETING_VERSION = 1.0;
				PRODUCT_BUNDLE_IDENTIFIER = com.christiantoledana.HealthExport;
				PRODUCT_NAME = "$(TARGET_NAME)";
				SWIFT_EMIT_LOC_STRINGS = YES;
				SWIFT_VERSION = 5.0;
				TARGETED_DEVICE_FAMILY = "1,2";
			};
			name = Release;
		};
		6TUEHTKC50KPH1JQWGBP1FW1 /* Release */ = {
			isa = XCBuildConfiguration;
			buildSettings = {
				ALWAYS_SEARCH_USER_PATHS = NO;
				ASSETCATALOG_COMPILER_GENERATE_SWIFT_ASSET_SYMBOL_EXTENSIONS = YES;
				CLANG_ANALYZER_NONNULL = YES;
				CLANG_ANALYZER_NUMBER_OBJECT_CONVERSION = YES_AGGRESSIVE;
				CLANG_CXX_LANGUAGE_STANDARD = "gnu++20";
				CLANG_ENABLE_MODULES = YES;
				CLANG_ENABLE_OBJC_ARC = YES;
				CLANG_ENABLE_OBJC_WEAK = YES;
				CLANG_WARN_BLOCK_CAPTURE_AUTORELEASING = YES;
				CLANG_WARN_BOOL_CONVERSION = YES;
				CLANG_WARN_COMMA = YES;
				CLANG_WARN_CONSTANT_CONVERSION = YES;
				CLANG_WARN_DEPRECATED_OBJC_IMPLEMENTATIONS = YES;
				CLANG_WARN_DIRECT_OBJC_ISA_USAGE = YES_ERROR;
				CLANG_WARN_DOCUMENTATION_COMMENTS = YES;
				CLANG_WARN_EMPTY_BODY = YES;
				CLANG_WARN_ENUM_CONVERSION = YES;
				CLANG_WARN_INFINITE_RECURSION = YES;
				CLANG_WARN_INT_CONVERSION = YES;
				CLANG_WARN_NON_LITERAL_NULL_CONVERSION = YES;
				CLANG_WARN_OBJC_IMPLICIT_RETAIN_SELF = YES;
				CLANG_WARN_OBJC_LITERAL_CONVERSION = YES;
				CLANG_WARN_OBJC_ROOT_CLASS = YES_ERROR;
				CLANG_WARN_QUOTED_INCLUDE_IN_FRAMEWORK_HEADER = YES;
				CLANG_WARN_RANGE_LOOP_ANALYSIS = YES;
				CLANG_WARN_STRICT_PROTOTYPES = YES;
				CLANG_WARN_SUSPICIOUS_MOVE = YES;
				CLANG_WARN_UNGUARDED_AVAILABILITY = YES_AGGRESSIVE;
				CLANG_WARN_UNREACHABLE_CODE = YES;
				CLANG_WARN__DUPLICATE_METHOD_MATCH = YES;
				COPY_PHASE_STRIP = NO;
				DEBUG_INFORMATION_FORMAT = "dwarf-with-dsym";
				DEVELOPMENT_TEAM = 4S8647V4Q8;
				ENABLE_NS_ASSERTIONS = NO;
				ENABLE_STRICT_OBJC_MSGSEND = YES;
				ENABLE_USER_SCRIPT_SANDBOXING = YES;
				GCC_C_LANGUAGE_STANDARD = gnu17;
				GCC_NO_COMMON_BLOCKS = YES;
				GCC_WARN_64_TO_32_BIT_CONVERSION = YES;
				GCC_WARN_ABOUT_RETURN_TYPE = YES_ERROR;
				GCC_WARN_UNDECLARED_SELECTOR = YES;
				GCC_WARN_UNINITIALIZED_AUTOS = YES_AGGRESSIVE;
				GCC_WARN_UNUSED_FUNCTION = YES;
				GCC_WARN_UNUSED_VARIABLE = YES;
				IPHONEOS_DEPLOYMENT_TARGET = 17.0;
				MTL_FAST_MATH = YES;
				SDKROOT = iphoneos;
				STRING_CATALOG_GENERATE_SYMBOLS = YES;
				SWIFT_COMPILATION_MODE = wholemodule;
				VALIDATE_PRODUCT = YES;
			};
			name = Release;
		};
		IN58JXMBXRDBKOB6LNP81BTB /* Debug */ = {
			isa = XCBuildConfiguration;
			buildSettings = {
				ALWAYS_SEARCH_USER_PATHS = NO;
				ASSETCATALOG_COMPILER_GENERATE_SWIFT_ASSET_SYMBOL_EXTENSIONS = YES;
				CLANG_ANALYZER_NONNULL = YES;
				CLANG_ANALYZER_NUMBER_OBJECT_CONVERSION = YES_AGGRESSIVE;
				CLANG_CXX_LANGUAGE_STANDARD = "gnu++20";
				CLANG_ENABLE_MODULES = YES;
				CLANG_ENABLE_OBJC_ARC = YES;
				CLANG_ENABLE_OBJC_WEAK = YES;
				CLANG_WARN_BLOCK_CAPTURE_AUTORELEASING = YES;
				CLANG_WARN_BOOL_CONVERSION = YES;
				CLANG_WARN_COMMA = YES;
				CLANG_WARN_CONSTANT_CONVERSION = YES;
				CLANG_WARN_DEPRECATED_OBJC_IMPLEMENTATIONS = YES;
				CLANG_WARN_DIRECT_OBJC_ISA_USAGE = YES_ERROR;
				CLANG_WARN_DOCUMENTATION_COMMENTS = YES;
				CLANG_WARN_EMPTY_BODY = YES;
				CLANG_WARN_ENUM_CONVERSION = YES;
				CLANG_WARN_INFINITE_RECURSION = YES;
				CLANG_WARN_INT_CONVERSION = YES;
				CLANG_WARN_NON_LITERAL_NULL_CONVERSION = YES;
				CLANG_WARN_OBJC_IMPLICIT_RETAIN_SELF = YES;
				CLANG_WARN_OBJC_LITERAL_CONVERSION = YES;
				CLANG_WARN_OBJC_ROOT_CLASS = YES_ERROR;
				CLANG_WARN_QUOTED_INCLUDE_IN_FRAMEWORK_HEADER = YES;
				CLANG_WARN_RANGE_LOOP_ANALYSIS = YES;
				CLANG_WARN_STRICT_PROTOTYPES = YES;
				CLANG_WARN_SUSPICIOUS_MOVE = YES;
				CLANG_WARN_UNGUARDED_AVAILABILITY = YES_AGGRESSIVE;
				CLANG_WARN_UNREACHABLE_CODE = YES;
				CLANG_WARN__DUPLICATE_METHOD_MATCH = YES;
				COPY_PHASE_STRIP = NO;
				DEBUG_INFORMATION_FORMAT = dwarf;
				DEVELOPMENT_TEAM = 4S8647V4Q8;
				ENABLE_STRICT_OBJC_MSGSEND = YES;
				ENABLE_TESTABILITY = YES;
				ENABLE_USER_SCRIPT_SANDBOXING = YES;
				GCC_C_LANGUAGE_STANDARD = gnu17;
				GCC_DYNAMIC_NO_PIC = NO;
				GCC_NO_COMMON_BLOCKS = YES;
				GCC_OPTIMIZATION_LEVEL = 0;
				GCC_PREPROCESSOR_DEFINITIONS = (
					"DEBUG=1",
					"$(inherited)",
				);
				GCC_WARN_64_TO_32_BIT_CONVERSION = YES;
				GCC_WARN_ABOUT_RETURN_TYPE = YES_ERROR;
				GCC_WARN_UNDECLARED_SELECTOR = YES;
				GCC_WARN_UNINITIALIZED_AUTOS = YES_AGGRESSIVE;
				GCC_WARN_UNUSED_FUNCTION = YES;
				GCC_WARN_UNUSED_VARIABLE = YES;
				IPHONEOS_DEPLOYMENT_TARGET = 17.0;
				MTL_ENABLE_DEBUG_INFO = INCLUDE_SOURCE;
				MTL_FAST_MATH = YES;
				ONLY_ACTIVE_ARCH = YES;
				SDKROOT = iphoneos;
				STRING_CATALOG_GENERATE_SYMBOLS = YES;
				SWIFT_ACTIVE_COMPILATION_CONDITIONS = "$(inherited) DEBUG";
				SWIFT_OPTIMIZATION_LEVEL = "-Onone";
			};
			name = Debug;
		};
		ZBVYFTIJOLAR7I3BVORQT3EP /* Debug */ = {
			isa = XCBuildConfiguration;
			buildSettings = {
				ASSETCATALOG_COMPILER_APPICON_NAME = AppIcon;
				ASSETCATALOG_COMPILER_GLOBAL_ACCENT_COLOR_NAME = AccentColor;
				CODE_SIGN_ENTITLEMENTS = HealthExport/HealthExport.entitlements;
				CODE_SIGN_STYLE = Automatic;
				CURRENT_PROJECT_VERSION = 1;
				DEVELOPMENT_TEAM = W8KHU24QQR;
				ENABLE_PREVIEWS = YES;
				GENERATE_INFOPLIST_FILE = YES;
				INFOPLIST_FILE = HealthExport/Info.plist;
				INFOPLIST_KEY_CFBundleDisplayName = "Health Export";
				INFOPLIST_KEY_NSHealthShareUsageDescription = "This app reads your workout and health data to export it as JSON over a local HTTP server.";
				INFOPLIST_KEY_NSLocalNetworkUsageDescription = "This app runs a local HTTP server so you can download your health data from another device on the same network.";
				INFOPLIST_KEY_UIApplicationSceneManifest_Generation = YES;
				INFOPLIST_KEY_UIApplicationSupportsIndirectInputEvents = YES;
				INFOPLIST_KEY_UILaunchScreen_Generation = YES;
				INFOPLIST_KEY_UISupportedInterfaceOrientations_iPad = "UIInterfaceOrientationPortrait UIInterfaceOrientationPortraitUpsideDown UIInterfaceOrientationLandscapeLeft UIInterfaceOrientationLandscapeRight";
				INFOPLIST_KEY_UISupportedInterfaceOrientations_iPhone = "UIInterfaceOrientationPortrait UIInterfaceOrientationLandscapeLeft UIInterfaceOrientationLandscapeRight";
				LD_RUNPATH_SEARCH_PATHS = (
					"$(inherited)",
					"@executable_path/Frameworks",
				);
				MARKETING_VERSION = 1.0;
				PRODUCT_BUNDLE_IDENTIFIER = com.christiantoledana.HealthExport;
				PRODUCT_NAME = "$(TARGET_NAME)";
				SWIFT_EMIT_LOC_STRINGS = YES;
				SWIFT_VERSION = 5.0;
				TARGETED_DEVICE_FAMILY = "1,2";
			};
			name = Debug;
		};
/* End XCBuildConfiguration section */

/* Begin XCConfigurationList section */
		914JI01YCVFQD58C7B9RCOB6 /* Build configuration list for PBXNativeTarget "HealthExport" */ = {
			isa = XCConfigurationList;
			buildConfigurations = (
				ZBVYFTIJOLAR7I3BVORQT3EP /* Debug */,
				36J2YI64PXIM7VTT5OIDVAA7 /* Release */,
			);
			defaultConfigurationIsVisible = 0;
			defaultConfigurationName = Release;
		};
		MYEJ8QQHNADPLBEM27V7CSK0 /* Build configuration list for PBXProject "HealthExport" */ = {
			isa = XCConfigurationList;
			buildConfigurations = (
				IN58JXMBXRDBKOB6LNP81BTB /* Debug */,
				6TUEHTKC50KPH1JQWGBP1FW1 /* Release */,
			);
			defaultConfigurationIsVisible = 0;
			defaultConfigurationName = Release;
		};
/* End XCConfigurationList section */
	};
	rootObject = 4WDTHI5DH76C2KSV2L2ZO3QG /* Project object */;
}
